
Microsoft Visual Studio Solution File, Format Version 12.00
# Visual Studio 2013
VisualStudioVersion = 12.0.31101.0
MinimumVisualStudioVersion = 10.0.40219.1
Project("{FAE04EC0-301F-11D3-BF4B-00C04F79EFBC}") = "HiSum", "HiSum\HiSum.csproj", "{1DE00789-6D8A-4F18-81B9-AF50AE8221F2}"
EndProject
Project("{FAE04EC0-301F-11D3-BF4B-00C04F79EFBC}") = "HiSum.Forms", "HiSum.Forms\HiSum.Forms.csproj", "{307D0626-988C-4C46-A138-4C157D13F45F}"
EndProject
Project("{FAE04EC0-301F-11D3-BF4B-00C04F79EFBC}") = "EtoTest", "EtoTest\EtoTest.csproj", "{66E64CA2-AD55-4C49-807F-98C90EE414EA}"
EndProject
Project("{FAE04EC0-301F-11D3-BF4B-00C04F79EFBC}") = "HiSum.App", "HiSum.App\HiSum.App.csproj", "{BC017318-BED0-4A42-B040-99F2B581C509}"
EndProject
Global
	GlobalSection(SolutionConfigurationPlatforms) = preSolution
		Debug|Any CPU = Debug|Any CPU
		Debug|Mixed Platforms = Debug|Mixed Platforms
		Debug|x86 = Debug|x86
		Release|Any CPU = Release|Any CPU
		Release|Mixed Platforms = Release|Mixed Platforms
		Release|x86 = Release|x86
	EndGlobalSection
	GlobalSection(ProjectConfigurationPlatforms) = postSolution
		{1DE00789-6D8A-4F18-81B9-AF50AE8221F2}.Debug|Any CPU.ActiveCfg = Debug|Any CPU
		{1DE00789-6D8A-4F18-81B9-AF50AE8221F2}.Debug|Any CPU.Build.0 = Debug|Any CPU
		{1DE00789-6D8A-4F18-81B9-AF50AE8221F2}.Debug|Mixed Platforms.ActiveCfg = Debug|Any CPU
		{1DE00789-6D8A-4F18-81B9-AF50AE8221F2}.Debug|Mixed Platforms.Build.0 = Debug|Any CPU
		{1DE00789-6D8A-4F18-81B9-AF50AE8221F2}.Debug|x86.ActiveCfg = Debug|Any CPU
		{1DE00789-6D8A-4F18-81B9-AF50AE8221F2}.Release|Any CPU.ActiveCfg = Release|Any CPU
		{1DE00789-6D8A-4F18-81B9-AF50AE8221F2}.Release|Any CPU.Build.0 = Release|Any CPU
		{1DE00789-6D8A-4F18-81B9-AF50AE8221F2}.Release|Mixed Platforms.ActiveCfg = Release|Any CPU
		{1DE00789-6D8A-4F18-81B9-AF50AE8221F2}.Release|Mixed Platforms.Build.0 = Release|Any CPU
		{1DE00789-6D8A-4F18-81B9-AF50AE8221F2}.Release|x86.ActiveCfg = Release|Any CPU
		{307D0626-988C-4C46-A138-4C157D13F45F}.Debug|Any CPU.ActiveCfg = Debug|Any CPU
		{307D0626-988C-4C46-A138-4C157D13F45F}.Debug|Any CPU.Build.0 = Debug|Any CPU
		{307D0626-988C-4C46-A138-4C157D13F45F}.Debug|Mixed Platforms.ActiveCfg = Debug|Any CPU
		{307D0626-988C-4C46-A138-4C157D13F45F}.Debug|Mixed Platforms.Build.0 = Debug|Any CPU
		{307D0626-988C-4C46-A138-4C157D13F45F}.Debug|x86.ActiveCfg = Debug|Any CPU
		{307D0626-988C-4C46-A138-4C157D13F45F}.Release|Any CPU.ActiveCfg = Release|Any CPU
		{307D0626-988C-4C46-A138-4C157D13F45F}.Release|Any CPU.Build.0 = Release|Any CPU
		{307D0626-988C-4C46-A138-4C157D13F45F}.Release|Mixed Platforms.ActiveCfg = Release|Any CPU
		{307D0626-988C-4C46-A138-4C157D13F45F}.Release|Mixed Platforms.Build.0 = Release|Any CPU
		{307D0626-988C-4C46-A138-4C157D13F45F}.Release|x86.ActiveCfg = Release|Any CPU
		{66E64CA2-AD55-4C49-807F-98C90EE414EA}.Debug|Any CPU.ActiveCfg = Debug|Any CPU
		{66E64CA2-AD55-4C49-807F-98C90EE414EA}.Debug|Any CPU.Build.0 = Debug|Any CPU
		{66E64CA2-AD55-4C49-807F-98C90EE414EA}.Debug|Mixed Platforms.ActiveCfg = Debug|Any CPU
		{66E64CA2-AD55-4C49-807F-98C90EE414EA}.Debug|Mixed Platforms.Build.0 = Debug|Any CPU
		{66E64CA2-AD55-4C49-807F-98C90EE414EA}.Debug|x86.ActiveCfg = Debug|Any CPU
		{66E64CA2-AD55-4C49-807F-98C90EE414EA}.Release|Any CPU.ActiveCfg = Release|Any CPU
		{66E64CA2-AD55-4C49-807F-98C90EE414EA}.Release|Any CPU.Build.0 = Release|Any CPU
		{66E64CA2-AD55-4C49-807F-98C90EE414EA}.Release|Mixed Platforms.ActiveCfg = Release|Any CPU
		{66E64CA2-AD55-4C49-807F-98C90EE414EA}.Release|Mixed Platforms.Build.0 = Release|Any CPU
		{66E64CA2-AD55-4C49-807F-98C90EE414EA}.Release|x86.ActiveCfg = Release|Any CPU
		{BC017318-BED0-4A42-B040-99F2B581C509}.Debug|Any CPU.ActiveCfg = Debug|Any CPU
		{BC017318-BED0-4A42-B040-99F2B581C509}.Debug|Any CPU.Build.0 = Debug|Any CPU
		{BC017318-BED0-4A42-B040-99F2B581C509}.Debug|Mixed Platforms.ActiveCfg = Debug|Any CPU
		{BC017318-BED0-4A42-B040-99F2B581C509}.Debug|Mixed Platforms.Build.0 = Debug|Any CPU
		{BC017318-BED0-4A42-B040-99F2B581C509}.Debug|x86.ActiveCfg = Debug|Any CPU
		{BC017318-BED0-4A42-B040-99F2B581C509}.Release|Any CPU.ActiveCfg = Release|Any CPU
		{BC017318-BED0-4A42-B040-99F2B581C509}.Release|Any CPU.Build.0 = Release|Any CPU
		{BC017318-BED0-4A42-B040-99F2B581C509}.Release|Mixed Platforms.ActiveCfg = Release|Any CPU
		{BC017318-BED0-4A42-B040-99F2B581C509}.Release|Mixed Platforms.Build.0 = Release|Any CPU
		{BC017318-BED0-4A42-B040-99F2B581C509}.Release|x86.ActiveCfg = Release|Any CPU
	EndGlobalSection
	GlobalSection(SolutionProperties) = preSolution
		HideSolutionNode = FALSE
	EndGlobalSection
EndGlobal
